{
  "name": "@writetome51/paginator-data-controller",
  "version": "0.0.1",
  "lockfileVersion": 1,
  "requires": true,
  "dependencies": {
    "@writetome51/app-paginator": {
      "version": "2.0.1",
      "resolved": "https://registry.npmjs.org/@writetome51/app-paginator/-/app-paginator-2.0.1.tgz",
      "integrity": "sha512-jR7ic8K1vkqieFVZl9yvc5JeS08bJP+hCA75eObenceng//mIFvMmMmRkOiL4gjze157aB6q+2IA8SY3Uod7bw==",
      "dev": true,
      "requires": {
        "@writetome51/array-paginator": "~3.0.1"
      }
    },
    "@writetome51/array-and-index-validation": {
      "version": "1.0.6",
      "resolved": "https://registry.npmjs.org/@writetome51/array-and-index-validation/-/array-and-index-validation-1.0.6.tgz",
      "integrity": "sha512-GE0M3uhRSV6MJwu8cnsHxj5wkEPZ7OWehvsOGAQ1roUeItorJl7yvHzjkUZMKQoOPRpictr6r0Kj6zgopGu0gQ==",
      "dev": true,
      "requires": {
        "basic-data-handling": "~1.0.15",
        "error-if-not-populated-array": "~1.0.1"
      }
    },
    "@writetome51/array-get-adjacent-at": {
      "version": "1.0.3",
      "resolved": "https://registry.npmjs.org/@writetome51/array-get-adjacent-at/-/array-get-adjacent-at-1.0.3.tgz",
      "integrity": "sha512-Ae26Ly+h8Su9N663jsIIN1e8FNZnMA/SkVr2NJGIMipkOQUEVCQS2TuPn6Z4VdJqydOH61fQtrXXV3ofPnmATg==",
      "dev": true,
      "requires": {
        "@writetome51/array-and-index-validation": "~1.0.6",
        "basic-data-handling": "~1.0.15"
      }
    },
    "@writetome51/array-get-head-tail": {
      "version": "1.0.5",
      "resolved": "https://registry.npmjs.org/@writetome51/array-get-head-tail/-/array-get-head-tail-1.0.5.tgz",
      "integrity": "sha512-canuxZ6ER0XkhXuHKC3KVLSNGrILlhlzQ3haPJZ7cOfLS6X40848849Wxf1oid7t3NTj+9S5Y+n6C78cXNLv6g==",
      "dev": true,
      "requires": {
        "@writetome51/array-get-adjacent-at": "~1.0.3"
      }
    },
    "@writetome51/array-paginator": {
      "version": "3.0.1",
      "resolved": "https://registry.npmjs.org/@writetome51/array-paginator/-/array-paginator-3.0.1.tgz",
      "integrity": "sha512-FXn+5OggF+xoTJrImanaO2TVYRv4hKgRHuahlu1ZaiNO83WZOpBj7rwBHCEAPrYO89JhPTE/vwvkBN5JHRIqHg==",
      "dev": true,
      "requires": {
        "@writetome51/array-get-adjacent-at": "~1.0.3",
        "@writetome51/array-get-head-tail": "~1.0.5",
        "@writetome51/get-rounded-up-down": "~1.0.9",
        "@writetome51/in-range": "~1.0.3",
        "@writetome51/not": "~1.0.4",
        "@writetome51/public-array-container": "~2.0.2",
        "basic-data-handling": "~1.0.15"
      }
    },
    "@writetome51/base-class": {
      "version": "0.0.3",
      "resolved": "https://registry.npmjs.org/@writetome51/base-class/-/base-class-0.0.3.tgz",
      "integrity": "sha512-Z8WEg7FHtCq32gs55+CCRs4Vq9kOjLuDytzIjfgaYjNhOqjx2wI2sCD7c7x4qOuQ02yUmjilr2HN/nopjax2UA=="
    },
    "@writetome51/batchinator": {
      "version": "2.0.1",
      "resolved": "https://registry.npmjs.org/@writetome51/batchinator/-/batchinator-2.0.1.tgz",
      "integrity": "sha512-hsAbi7W1NtlIq8bp2vpdOdzYu1nk4a3maZg56lgXgK0OHhLxGGvzEbBN0M1cPWYVu3xJZ1Ye37glv6+h9PAxuw==",
      "requires": {
        "@writetome51/base-class": "~0.0.3",
        "@writetome51/get-rounded-up-down": "~1.0.9",
        "@writetome51/in-range": "~1.0.3",
        "@writetome51/not": "~1.0.4",
        "basic-data-handling": "~1.0.15"
      }
    },
    "@writetome51/get-left-of-decimal": {
      "version": "1.0.4",
      "resolved": "https://registry.npmjs.org/@writetome51/get-left-of-decimal/-/get-left-of-decimal-1.0.4.tgz",
      "integrity": "sha512-7JYs3MAGAfkC098odGFcaBSVduoXfgEZuq5/Jwvj7ED+ip5iwNHu30NFphZlAR/iY66+zeLi3uGlBTJCVwqong==",
      "requires": {
        "basic-data-handling": "~1.0.15"
      }
    },
    "@writetome51/get-rounded-up-down": {
      "version": "1.0.9",
      "resolved": "https://registry.npmjs.org/@writetome51/get-rounded-up-down/-/get-rounded-up-down-1.0.9.tgz",
      "integrity": "sha512-4NV4xMOsF+PvZiNCdW/UJm+cM5hLTjLYKSlUcIbMauzHL6sgNdnfg678WuCWcxrOP2pLpz6riY4vJa0cgLOzQA==",
      "requires": {
        "@writetome51/get-left-of-decimal": "~1.0.4",
        "basic-data-handling": "~1.0.15"
      }
    },
    "@writetome51/in-range": {
      "version": "1.0.3",
      "resolved": "https://registry.npmjs.org/@writetome51/in-range/-/in-range-1.0.3.tgz",
      "integrity": "sha512-ec6cHmz0Km7RlBb6ya3y535p0gTLCTqycVw+IERiKgeIrNW+7X1rxSSsvOY1iXBFtRWpUx8yGGzEGE02o4sOBg==",
      "requires": {
        "basic-data-handling": "~1.0.15"
      }
    },
    "@writetome51/not": {
      "version": "1.0.4",
      "resolved": "https://registry.npmjs.org/@writetome51/not/-/not-1.0.4.tgz",
      "integrity": "sha512-SLkliFCiR73ChN8LvhAwFJikxgjVrl7vFlIh280eXpHUPts2IUto20chm9SSO7NVDp9g45WW/5st1bz643VXzg=="
    },
    "@writetome51/public-array-container": {
      "version": "2.0.2",
      "resolved": "https://registry.npmjs.org/@writetome51/public-array-container/-/public-array-container-2.0.2.tgz",
      "integrity": "sha512-a6Ra0OAOlFG7KDbquXi02h4b9OzqTP6Uxww0wardhw1Zg22ul2bQOgJJQoD+1miEEk0U5HbpwnEsfTCImYUo9A==",
      "dev": true,
      "requires": {
        "@writetome51/base-class": "~0.0.3",
        "basic-data-handling": "~1.0.15",
        "public-data-container-interface": "~1.0.3"
      }
    },
    "basic-data-handling": {
      "version": "1.0.15",
      "resolved": "https://registry.npmjs.org/basic-data-handling/-/basic-data-handling-1.0.15.tgz",
      "integrity": "sha512-HyXRwPTfhKacukW4mMJl+3IsFC+5NzMr9flzp+XBJhHol0eAZzLxYqP7w3Cme3cziKcshzoO7Zf/9C+bewJWpA=="
    },
    "error-if-not-populated-array": {
      "version": "1.0.1",
      "resolved": "https://registry.npmjs.org/error-if-not-populated-array/-/error-if-not-populated-array-1.0.1.tgz",
      "integrity": "sha512-XKN0WUVUNrDOsB1PuBRQJ4/tVOeFceioLm+QPOpCkQaZlD9vVYZf+pRrFIoiqzVno7bx7AI2lNIfMWf7gRarvg==",
      "dev": true,
      "requires": {
        "basic-data-handling": "~1.0.13"
      }
    },
    "public-data-container-interface": {
      "version": "1.0.3",
      "resolved": "https://registry.npmjs.org/public-data-container-interface/-/public-data-container-interface-1.0.3.tgz",
      "integrity": "sha512-/Ol+b7P3E/utnNkr/dwXZaVyYKt0/MnWiUxTCZmmLIjhfeMInR6Ki8sHgW7ESdUbQ3SyHZK5u03K1ifnUcxIIw==",
      "dev": true
    }
  }
}
